
Microsoft Visual Studio Solution File, Format Version 12.00
# Visual Studio 14
VisualStudioVersion = 14.0.25420.1
MinimumVisualStudioVersion = 10.0.40219.1
Project("{FAE04EC0-301F-11D3-BF4B-00C04F79EFBC}") = "Assignment01", "Assignment01\Assignment01.csproj", "{7D5D82A0-A17F-465C-AED4-5B07A09014D3}"
EndProject
Project("{FAE04EC0-301F-11D3-BF4B-00C04F79EFBC}") = "Assignment02", "Assignment02\Assignment02.csproj", "{95D14FEB-6FBA-4CCD-94E3-DE80CD6693A9}"
EndProject
Project("{FAE04EC0-301F-11D3-BF4B-00C04F79EFBC}") = "Assignment03", "Assignment03\Assignment03.csproj", "{0508B8FD-FBAE-4EA9-B9EC-0A24D24C5894}"
EndProject
Project("{FAE04EC0-301F-11D3-BF4B-00C04F79EFBC}") = "Assignment04", "Assignment04\Assignment04.csproj", "{9C298183-8293-4211-AF6F-00AB9CFE4D24}"
EndProject
Global
	GlobalSection(SolutionConfigurationPlatforms) = preSolution
		Debug|Any CPU = Debug|Any CPU
		Release|Any CPU = Release|Any CPU
	EndGlobalSection
	GlobalSection(ProjectConfigurationPlatforms) = postSolution
		{7D5D82A0-A17F-465C-AED4-5B07A09014D3}.Debug|Any CPU.ActiveCfg = Debug|Any CPU
		{7D5D82A0-A17F-465C-AED4-5B07A09014D3}.Debug|Any CPU.Build.0 = Debug|Any CPU
		{7D5D82A0-A17F-465C-AED4-5B07A09014D3}.Release|Any CPU.ActiveCfg = Release|Any CPU
		{7D5D82A0-A17F-465C-AED4-5B07A09014D3}.Release|Any CPU.Build.0 = Release|Any CPU
		{95D14FEB-6FBA-4CCD-94E3-DE80CD6693A9}.Debug|Any CPU.ActiveCfg = Debug|Any CPU
		{95D14FEB-6FBA-4CCD-94E3-DE80CD6693A9}.Debug|Any CPU.Build.0 = Debug|Any CPU
		{95D14FEB-6FBA-4CCD-94E3-DE80CD6693A9}.Release|Any CPU.ActiveCfg = Release|Any CPU
		{95D14FEB-6FBA-4CCD-94E3-DE80CD6693A9}.Release|Any CPU.Build.0 = Release|Any CPU
		{0508B8FD-FBAE-4EA9-B9EC-0A24D24C5894}.Debug|Any CPU.ActiveCfg = Debug|Any CPU
		{0508B8FD-FBAE-4EA9-B9EC-0A24D24C5894}.Debug|Any CPU.Build.0 = Debug|Any CPU
		{0508B8FD-FBAE-4EA9-B9EC-0A24D24C5894}.Release|Any CPU.ActiveCfg = Release|Any CPU
		{0508B8FD-FBAE-4EA9-B9EC-0A24D24C5894}.Release|Any CPU.Build.0 = Release|Any CPU
		{9C298183-8293-4211-AF6F-00AB9CFE4D24}.Debug|Any CPU.ActiveCfg = Debug|Any CPU
		{9C298183-8293-4211-AF6F-00AB9CFE4D24}.Debug|Any CPU.Build.0 = Debug|Any CPU
		{9C298183-8293-4211-AF6F-00AB9CFE4D24}.Release|Any CPU.ActiveCfg = Release|Any CPU
		{9C298183-8293-4211-AF6F-00AB9CFE4D24}.Release|Any CPU.Build.0 = Release|Any CPU
	EndGlobalSection
	GlobalSection(SolutionProperties) = preSolution
		HideSolutionNode = FALSE
	EndGlobalSection
EndGlobal
